
Microsoft Visual Studio Solution File, Format Version 12.00
# Visual Studio Version 17
VisualStudioVersion = 17.14.37012.4 d17.14
MinimumVisualStudioVersion = 10.0.40219.1
Project("{FAE04EC0-301F-11D3-BF4B-00C04F79EFBC}") = "SubEventSystem", "SubEventSystem\SubEventSystem.csproj", "{EC4EC15C-A159-49E5-8362-E5424BE1E3F4}"
EndProject
Project("{2150E333-8FDC-42A3-9474-1A3956D46DE8}") = "Tests", "Tests", "{02EA681E-C7D8-13C7-8484-4AC65E1B71E8}"
EndProject
Project("{FAE04EC0-301F-11D3-BF4B-00C04F79EFBC}") = "SubEventSystemTests", "tests\SubEventSystemTests\SubEventSystemTests.csproj", "{6476B12E-F9E8-4501-BC67-8136002401B5}"
EndProject
Global
	GlobalSection(SolutionConfigurationPlatforms) = preSolution
		Debug|Any CPU = Debug|Any CPU
		Release|Any CPU = Release|Any CPU
	EndGlobalSection
	GlobalSection(ProjectConfigurationPlatforms) = postSolution
		{EC4EC15C-A159-49E5-8362-E5424BE1E3F4}.Debug|Any CPU.ActiveCfg = Debug|Any CPU
		{EC4EC15C-A159-49E5-8362-E5424BE1E3F4}.Debug|Any CPU.Build.0 = Debug|Any CPU
		{EC4EC15C-A159-49E5-8362-E5424BE1E3F4}.Release|Any CPU.ActiveCfg = Release|Any CPU
		{EC4EC15C-A159-49E5-8362-E5424BE1E3F4}.Release|Any CPU.Build.0 = Release|Any CPU
		{6476B12E-F9E8-4501-BC67-8136002401B5}.Debug|Any CPU.ActiveCfg = Debug|Any CPU
		{6476B12E-F9E8-4501-BC67-8136002401B5}.Debug|Any CPU.Build.0 = Debug|Any CPU
		{6476B12E-F9E8-4501-BC67-8136002401B5}.Release|Any CPU.ActiveCfg = Release|Any CPU
		{6476B12E-F9E8-4501-BC67-8136002401B5}.Release|Any CPU.Build.0 = Release|Any CPU
	EndGlobalSection
	GlobalSection(SolutionProperties) = preSolution
		HideSolutionNode = FALSE
	EndGlobalSection
	GlobalSection(NestedProjects) = preSolution
		{6476B12E-F9E8-4501-BC67-8136002401B5} = {02EA681E-C7D8-13C7-8484-4AC65E1B71E8}
	EndGlobalSection
	GlobalSection(ExtensibilityGlobals) = postSolution
		SolutionGuid = {B79D72EE-4F0C-4AE8-95A6-087395603BB8}
	EndGlobalSection
EndGlobal
